// !$*UTF8*$!
{
	archiveVersion = 1;
	classes = {
	};
	objectVersion = 46;
	objects = {

/* Begin PBXBuildFile section */
		4106655B1AE72AAB005E75E4 /* Locater.m in Sources */ = {isa = PBXBuildFile; fileRef = 4106655A1AE72AAB005E75E4 /* Locater.m */; };
		4106655D1AE72AD2005E75E4 /* CoreLocation.framework in Frameworks */ = {isa = PBXBuildFile; fileRef = 4106655C1AE72AD2005E75E4 /* CoreLocation.framework */; };
		410BACC61ADB4B99001996B4 /* rotate_camera.png in Resources */ = {isa = PBXBuildFile; fileRef = 410BACC51ADB4B99001996B4 /* rotate_camera.png */; };
		410C5A5D1AE2FF5B0065F9B8 /* AllPicsViewController.m in Sources */ = {isa = PBXBuildFile; fileRef = 410C5A5C1AE2FF5B0065F9B8 /* AllPicsViewController.m */; };
		410C5A601AE318E00065F9B8 /* PicsCollectionViewCell.m in Sources */ = {isa = PBXBuildFile; fileRef = 410C5A5F1AE318E00065F9B8 /* PicsCollectionViewCell.m */; };
		410C5A631AE321F00065F9B8 /* picture65.png in Resources */ = {isa = PBXBuildFile; fileRef = 410C5A611AE321F00065F9B8 /* picture65.png */; };
		410C5A641AE321F00065F9B8 /* power86.png in Resources */ = {isa = PBXBuildFile; fileRef = 410C5A621AE321F00065F9B8 /* power86.png */; };
		412AAE6C1AD8606000FC9DC4 /* page1.png in Resources */ = {isa = PBXBuildFile; fileRef = 412AAE681AD8606000FC9DC4 /* page1.png */; };
		412AAE6D1AD8606000FC9DC4 /* page2.png in Resources */ = {isa = PBXBuildFile; fileRef = 412AAE691AD8606000FC9DC4 /* page2.png */; };
		412AAE6E1AD8606000FC9DC4 /* page3.png in Resources */ = {isa = PBXBuildFile; fileRef = 412AAE6A1AD8606000FC9DC4 /* page3.png */; };
		412AAE6F1AD8606000FC9DC4 /* page4.png in Resources */ = {isa = PBXBuildFile; fileRef = 412AAE6B1AD8606000FC9DC4 /* page4.png */; };
		412AAE711AD8EA3300FC9DC4 /* page1a.png in Resources */ = {isa = PBXBuildFile; fileRef = 412AAE701AD8EA3300FC9DC4 /* page1a.png */; };
		412AAE751AD981B900FC9DC4 /* momnts_signin.jpg in Resources */ = {isa = PBXBuildFile; fileRef = 412AAE741AD981B900FC9DC4 /* momnts_signin.jpg */; };
		412AAE8A1AD98D3A00FC9DC4 /* AFHTTPRequestOperation.m in Sources */ = {isa = PBXBuildFile; fileRef = 412AAE781AD98D3A00FC9DC4 /* AFHTTPRequestOperation.m */; };
		412AAE8B1AD98D3A00FC9DC4 /* AFHTTPRequestOperationManager.m in Sources */ = {isa = PBXBuildFile; fileRef = 412AAE7A1AD98D3A00FC9DC4 /* AFHTTPRequestOperationManager.m */; };
		412AAE8C1AD98D3A00FC9DC4 /* AFHTTPSessionManager.m in Sources */ = {isa = PBXBuildFile; fileRef = 412AAE7C1AD98D3A00FC9DC4 /* AFHTTPSessionManager.m */; };
		412AAE8D1AD98D3A00FC9DC4 /* AFNetworkReachabilityManager.m in Sources */ = {isa = PBXBuildFile; fileRef = 412AAE7F1AD98D3A00FC9DC4 /* AFNetworkReachabilityManager.m */; };
		412AAE8E1AD98D3A00FC9DC4 /* AFSecurityPolicy.m in Sources */ = {isa = PBXBuildFile; fileRef = 412AAE811AD98D3A00FC9DC4 /* AFSecurityPolicy.m */; };
		412AAE8F1AD98D3A00FC9DC4 /* AFURLConnectionOperation.m in Sources */ = {isa = PBXBuildFile; fileRef = 412AAE831AD98D3A00FC9DC4 /* AFURLConnectionOperation.m */; };
		412AAE901AD98D3A00FC9DC4 /* AFURLRequestSerialization.m in Sources */ = {isa = PBXBuildFile; fileRef = 412AAE851AD98D3A00FC9DC4 /* AFURLRequestSerialization.m */; };
		412AAE911AD98D3A00FC9DC4 /* AFURLResponseSerialization.m in Sources */ = {isa = PBXBuildFile; fileRef = 412AAE871AD98D3A00FC9DC4 /* AFURLResponseSerialization.m */; };
		412AAE921AD98D3A00FC9DC4 /* AFURLSessionManager.m in Sources */ = {isa = PBXBuildFile; fileRef = 412AAE891AD98D3A00FC9DC4 /* AFURLSessionManager.m */; };
		412AAEA51AD98D5100FC9DC4 /* AFNetworkActivityIndicatorManager.m in Sources */ = {isa = PBXBuildFile; fileRef = 412AAE951AD98D5100FC9DC4 /* AFNetworkActivityIndicatorManager.m */; };
		412AAEA61AD98D5100FC9DC4 /* UIActivityIndicatorView+AFNetworking.m in Sources */ = {isa = PBXBuildFile; fileRef = 412AAE971AD98D5100FC9DC4 /* UIActivityIndicatorView+AFNetworking.m */; };
		412AAEA71AD98D5100FC9DC4 /* UIAlertView+AFNetworking.m in Sources */ = {isa = PBXBuildFile; fileRef = 412AAE991AD98D5100FC9DC4 /* UIAlertView+AFNetworking.m */; };
		412AAEA81AD98D5100FC9DC4 /* UIButton+AFNetworking.m in Sources */ = {isa = PBXBuildFile; fileRef = 412AAE9B1AD98D5100FC9DC4 /* UIButton+AFNetworking.m */; };
		412AAEA91AD98D5100FC9DC4 /* UIImageView+AFNetworking.m in Sources */ = {isa = PBXBuildFile; fileRef = 412AAE9D1AD98D5100FC9DC4 /* UIImageView+AFNetworking.m */; };
		412AAEAA1AD98D5100FC9DC4 /* UIProgressView+AFNetworking.m in Sources */ = {isa = PBXBuildFile; fileRef = 412AAEA01AD98D5100FC9DC4 /* UIProgressView+AFNetworking.m */; };
		412AAEAB1AD98D5100FC9DC4 /* UIRefreshControl+AFNetworking.m in Sources */ = {isa = PBXBuildFile; fileRef = 412AAEA21AD98D5100FC9DC4 /* UIRefreshControl+AFNetworking.m */; };
		412AAEAC1AD98D5100FC9DC4 /* UIWebView+AFNetworking.m in Sources */ = {isa = PBXBuildFile; fileRef = 412AAEA41AD98D5100FC9DC4 /* UIWebView+AFNetworking.m */; };
		412AAEAF1AD9A73D00FC9DC4 /* SignUpViewController.m in Sources */ = {isa = PBXBuildFile; fileRef = 412AAEAE1AD9A73D00FC9DC4 /* SignUpViewController.m */; };
		412AAEB11AD9AD4D00FC9DC4 /* blindingLights.jpg in Resources */ = {isa = PBXBuildFile; fileRef = 412AAEB01AD9AD4D00FC9DC4 /* blindingLights.jpg */; };
		412AAEB31AD9BD8A00FC9DC4 /* suncity.jpg in Resources */ = {isa = PBXBuildFile; fileRef = 412AAEB21AD9BD8A00FC9DC4 /* suncity.jpg */; };
		412AAEB61AD9FDD100FC9DC4 /* Main.storyboard in Resources */ = {isa = PBXBuildFile; fileRef = 412AAEB41AD9FDD100FC9DC4 /* Main.storyboard */; };
		412AAEB81ADB32E100FC9DC4 /* currentUser.plist in Resources */ = {isa = PBXBuildFile; fileRef = 412AAEB71ADB32E100FC9DC4 /* currentUser.plist */; };
		416699341AF9C88A00B3B9C5 /* FriendList.m in Sources */ = {isa = PBXBuildFile; fileRef = 416699331AF9C88A00B3B9C5 /* FriendList.m */; };
		416699371AF9D68200B3B9C5 /* friendCell.m in Sources */ = {isa = PBXBuildFile; fileRef = 416699361AF9D68200B3B9C5 /* friendCell.m */; };
		41AA467E1ACE5EF10095349A /* main.m in Sources */ = {isa = PBXBuildFile; fileRef = 41AA467D1ACE5EF10095349A /* main.m */; };
		41AA46811ACE5EF10095349A /* AppDelegate.m in Sources */ = {isa = PBXBuildFile; fileRef = 41AA46801ACE5EF10095349A /* AppDelegate.m */; };
		41AA46841ACE5EF20095349A /* momnt_v2.xcdatamodeld in Sources */ = {isa = PBXBuildFile; fileRef = 41AA46821ACE5EF20095349A /* momnt_v2.xcdatamodeld */; };
		41AA468C1ACE5EF20095349A /* Images.xcassets in Resources */ = {isa = PBXBuildFile; fileRef = 41AA468B1ACE5EF20095349A /* Images.xcassets */; };
		41AA468F1ACE5EF20095349A /* LaunchScreen.xib in Resources */ = {isa = PBXBuildFile; fileRef = 41AA468D1ACE5EF20095349A /* LaunchScreen.xib */; };
		41AA469B1ACE5EF20095349A /* momnt_v2Tests.m in Sources */ = {isa = PBXBuildFile; fileRef = 41AA469A1ACE5EF20095349A /* momnt_v2Tests.m */; };
		41AA46A61ACF4E560095349A /* HomeViewController.m in Sources */ = {isa = PBXBuildFile; fileRef = 41AA46A51ACF4E560095349A /* HomeViewController.m */; };
		41AA46A91ACF4E790095349A /* TrainCaptureViewController.m in Sources */ = {isa = PBXBuildFile; fileRef = 41AA46A81ACF4E790095349A /* TrainCaptureViewController.m */; };
		41AA46AC1ACF4E9C0095349A /* TestCaptureViewController.m in Sources */ = {isa = PBXBuildFile; fileRef = 41AA46AB1ACF4E9C0095349A /* TestCaptureViewController.m */; };
		41AA46AF1ACF4EB70095349A /* TrainSaveViewController.m in Sources */ = {isa = PBXBuildFile; fileRef = 41AA46AE1ACF4EB70095349A /* TrainSaveViewController.m */; };
		41AA46B21ACF4ED80095349A /* TestFacesTableViewController.m in Sources */ = {isa = PBXBuildFile; fileRef = 41AA46B11ACF4ED80095349A /* TestFacesTableViewController.m */; };
		41AA46B51ACF4F010095349A /* TestFacesTableViewCell.m in Sources */ = {isa = PBXBuildFile; fileRef = 41AA46B41ACF4F010095349A /* TestFacesTableViewCell.m */; };
		41AA46B71ACF52320095349A /* AudioToolbox.framework in Frameworks */ = {isa = PBXBuildFile; fileRef = 41AA46B61ACF52320095349A /* AudioToolbox.framework */; };
		41AA46B91ACF523A0095349A /* MessageUI.framework in Frameworks */ = {isa = PBXBuildFile; fileRef = 41AA46B81ACF523A0095349A /* MessageUI.framework */; };
		41AA46BB1ACF52400095349A /* CoreImage.framework in Frameworks */ = {isa = PBXBuildFile; fileRef = 41AA46BA1ACF52400095349A /* CoreImage.framework */; };
		41AA46BD1ACF52470095349A /* SystemConfiguration.framework in Frameworks */ = {isa = PBXBuildFile; fileRef = 41AA46BC1ACF52470095349A /* SystemConfiguration.framework */; };
		41AA46BF1ACF524E0095349A /* MobileCoreServices.framework in Frameworks */ = {isa = PBXBuildFile; fileRef = 41AA46BE1ACF524E0095349A /* MobileCoreServices.framework */; };
		41AA46C11ACF52590095349A /* CFNetwork.framework in Frameworks */ = {isa = PBXBuildFile; fileRef = 41AA46C01ACF52590095349A /* CFNetwork.framework */; };
		41AA46C31ACF52640095349A /* CoreMedia.framework in Frameworks */ = {isa = PBXBuildFile; fileRef = 41AA46C21ACF52640095349A /* CoreMedia.framework */; };
		41AA46C51ACF526A0095349A /* CoreVideo.framework in Frameworks */ = {isa = PBXBuildFile; fileRef = 41AA46C41ACF526A0095349A /* CoreVideo.framework */; };
		41AA46C71ACF52730095349A /* CoreGraphics.framework in Frameworks */ = {isa = PBXBuildFile; fileRef = 41AA46C61ACF52730095349A /* CoreGraphics.framework */; };
		41AA46C91ACF52790095349A /* AVFoundation.framework in Frameworks */ = {isa = PBXBuildFile; fileRef = 41AA46C81ACF52790095349A /* AVFoundation.framework */; };
		41AA46CB1ACF52810095349A /* QuartzCore.framework in Frameworks */ = {isa = PBXBuildFile; fileRef = 41AA46CA1ACF52810095349A /* QuartzCore.framework */; };
		41AA46CD1ACF528E0095349A /* UIKit.framework in Frameworks */ = {isa = PBXBuildFile; fileRef = 41AA46CC1ACF528E0095349A /* UIKit.framework */; };
		41AA46CF1ACF52960095349A /* Foundation.framework in Frameworks */ = {isa = PBXBuildFile; fileRef = 41AA46CE1ACF52960095349A /* Foundation.framework */; };
		41AA46D11ACF52BB0095349A /* libKairosSDK.a in Frameworks */ = {isa = PBXBuildFile; fileRef = 41AA46D01ACF52BB0095349A /* libKairosSDK.a */; };
		41AA46D71ACF59260095349A /* ServerCalls.m in Sources */ = {isa = PBXBuildFile; fileRef = 41AA46D61ACF59260095349A /* ServerCalls.m */; };
		41AA46DA1ACF608C0095349A /* TestDetectViewController.m in Sources */ = {isa = PBXBuildFile; fileRef = 41AA46D91ACF608C0095349A /* TestDetectViewController.m */; };
		41AC5F721AD3E08A0095789F /* TrainFaceViewController.m in Sources */ = {isa = PBXBuildFile; fileRef = 41AC5F711AD3E08A0095789F /* TrainFaceViewController.m */; };
		41AC5F751AD3E0C30095789F /* TrainFaceTableViewCell.m in Sources */ = {isa = PBXBuildFile; fileRef = 41AC5F741AD3E0C30095789F /* TrainFaceTableViewCell.m */; };
		41BD7A301AFB452600A5170E /* User.m in Sources */ = {isa = PBXBuildFile; fileRef = 41BD7A2F1AFB452600A5170E /* User.m */; };
		41D968B31AD7ACED00E30B46 /* LoginViewController.m in Sources */ = {isa = PBXBuildFile; fileRef = 41D968B21AD7ACED00E30B46 /* LoginViewController.m */; };
		41E2678E1AF6F2C3004069CE /* StagingViewController.m in Sources */ = {isa = PBXBuildFile; fileRef = 41E2678D1AF6F2C3004069CE /* StagingViewController.m */; };
		41E267911AF701CD004069CE /* RCImage.m in Sources */ = {isa = PBXBuildFile; fileRef = 41E267901AF701CD004069CE /* RCImage.m */; };
		41E267941AF709C2004069CE /* AddFriendViewController.m in Sources */ = {isa = PBXBuildFile; fileRef = 41E267931AF709C2004069CE /* AddFriendViewController.m */; };
		41E267971AF7142E004069CE /* ShareImgCell.m in Sources */ = {isa = PBXBuildFile; fileRef = 41E267961AF7142E004069CE /* ShareImgCell.m */; };
		41E2679A1AF746C3004069CE /* faceButton.m in Sources */ = {isa = PBXBuildFile; fileRef = 41E267991AF746C3004069CE /* faceButton.m */; };
/* End PBXBuildFile section */

/* Begin PBXContainerItemProxy section */
		41AA46951ACE5EF20095349A /* PBXContainerItemProxy */ = {
			isa = PBXContainerItemProxy;
			containerPortal = 41AA46701ACE5EF10095349A /* Project object */;
			proxyType = 1;
			remoteGlobalIDString = 41AA46771ACE5EF10095349A;
			remoteInfo = momnt_v2;
		};
/* End PBXContainerItemProxy section */

/* Begin PBXFileReference section */
		410665591AE72AAB005E75E4 /* Locater.h */ = {isa = PBXFileReference; fileEncoding = 4; lastKnownFileType = sourcecode.c.h; path = Locater.h; sourceTree = "<group>"; };
		4106655A1AE72AAB005E75E4 /* Locater.m */ = {isa = PBXFileReference; fileEncoding = 4; lastKnownFileType = sourcecode.c.objc; path = Locater.m; sourceTree = "<group>"; };
		4106655C1AE72AD2005E75E4 /* CoreLocation.framework */ = {isa = PBXFileReference; lastKnownFileType = wrapper.framework; name = CoreLocation.framework; path = System/Library/Frameworks/CoreLocation.framework; sourceTree = SDKROOT; };
		410BACC51ADB4B99001996B4 /* rotate_camera.png */ = {isa = PBXFileReference; lastKnownFileType = image.png; name = rotate_camera.png; path = momnt_v2/rotate_camera.png; sourceTree = "<group>"; };
		410C5A5B1AE2FF5B0065F9B8 /* AllPicsViewController.h */ = {isa = PBXFileReference; fileEncoding = 4; lastKnownFileType = sourcecode.c.h; path = AllPicsViewController.h; sourceTree = "<group>"; };
		410C5A5C1AE2FF5B0065F9B8 /* AllPicsViewController.m */ = {isa = PBXFileReference; fileEncoding = 4; lastKnownFileType = sourcecode.c.objc; path = AllPicsViewController.m; sourceTree = "<group>"; };
		410C5A5E1AE318E00065F9B8 /* PicsCollectionViewCell.h */ = {isa = PBXFileReference; fileEncoding = 4; lastKnownFileType = sourcecode.c.h; path = PicsCollectionViewCell.h; sourceTree = "<group>"; };
		410C5A5F1AE318E00065F9B8 /* PicsCollectionViewCell.m */ = {isa = PBXFileReference; fileEncoding = 4; lastKnownFileType = sourcecode.c.objc; path = PicsCollectionViewCell.m; sourceTree = "<group>"; };
		410C5A611AE321F00065F9B8 /* picture65.png */ = {isa = PBXFileReference; lastKnownFileType = image.png; name = picture65.png; path = ../../../../Downloads/picture65.png; sourceTree = "<group>"; };
		410C5A621AE321F00065F9B8 /* power86.png */ = {isa = PBXFileReference; lastKnownFileType = image.png; name = power86.png; path = ../../../../Downloads/power86.png; sourceTree = "<group>"; };
		412AAE681AD8606000FC9DC4 /* page1.png */ = {isa = PBXFileReference; lastKnownFileType = image.png; path = page1.png; sourceTree = "<group>"; };
		412AAE691AD8606000FC9DC4 /* page2.png */ = {isa = PBXFileReference; lastKnownFileType = image.png; path = page2.png; sourceTree = "<group>"; };
		412AAE6A1AD8606000FC9DC4 /* page3.png */ = {isa = PBXFileReference; lastKnownFileType = image.png; path = page3.png; sourceTree = "<group>"; };
		412AAE6B1AD8606000FC9DC4 /* page4.png */ = {isa = PBXFileReference; lastKnownFileType = image.png; path = page4.png; sourceTree = "<group>"; };
		412AAE701AD8EA3300FC9DC4 /* page1a.png */ = {isa = PBXFileReference; lastKnownFileType = image.png; path = page1a.png; sourceTree = "<group>"; };
		412AAE741AD981B900FC9DC4 /* momnts_signin.jpg */ = {isa = PBXFileReference; lastKnownFileType = image.jpeg; path = momnts_signin.jpg; sourceTree = "<group>"; };
		412AAE771AD98D3A00FC9DC4 /* AFHTTPRequestOperation.h */ = {isa = PBXFileReference; fileEncoding = 4; lastKnownFileType = sourcecode.c.h; path = AFHTTPRequestOperation.h; sourceTree = "<group>"; };
		412AAE781AD98D3A00FC9DC4 /* AFHTTPRequestOperation.m */ = {isa = PBXFileReference; fileEncoding = 4; lastKnownFileType = sourcecode.c.objc; path = AFHTTPRequestOperation.m; sourceTree = "<group>"; };
		412AAE791AD98D3A00FC9DC4 /* AFHTTPRequestOperationManager.h */ = {isa = PBXFileReference; fileEncoding = 4; lastKnownFileType = sourcecode.c.h; path = AFHTTPRequestOperationManager.h; sourceTree = "<group>"; };
		412AAE7A1AD98D3A00FC9DC4 /* AFHTTPRequestOperationManager.m */ = {isa = PBXFileReference; fileEncoding = 4; lastKnownFileType = sourcecode.c.objc; path = AFHTTPRequestOperationManager.m; sourceTree = "<group>"; };
		412AAE7B1AD98D3A00FC9DC4 /* AFHTTPSessionManager.h */ = {isa = PBXFileReference; fileEncoding = 4; lastKnownFileType = sourcecode.c.h; path = AFHTTPSessionManager.h; sourceTree = "<group>"; };
		412AAE7C1AD98D3A00FC9DC4 /* AFHTTPSessionManager.m */ = {isa = PBXFileReference; fileEncoding = 4; lastKnownFileType = sourcecode.c.objc; path = AFHTTPSessionManager.m; sourceTree = "<group>"; };
		412AAE7D1AD98D3A00FC9DC4 /* AFNetworking.h */ = {isa = PBXFileReference; fileEncoding = 4; lastKnownFileType = sourcecode.c.h; path = AFNetworking.h; sourceTree = "<group>"; };
		412AAE7E1AD98D3A00FC9DC4 /* AFNetworkReachabilityManager.h */ = {isa = PBXFileReference; fileEncoding = 4; lastKnownFileType = sourcecode.c.h; path = AFNetworkReachabilityManager.h; sourceTree = "<group>"; };
		412AAE7F1AD98D3A00FC9DC4 /* AFNetworkReachabilityManager.m */ = {isa = PBXFileReference; fileEncoding = 4; lastKnownFileType = sourcecode.c.objc; path = AFNetworkReachabilityManager.m; sourceTree = "<group>"; };
		412AAE801AD98D3A00FC9DC4 /* AFSecurityPolicy.h */ = {isa = PBXFileReference; fileEncoding = 4; lastKnownFileType = sourcecode.c.h; path = AFSecurityPolicy.h; sourceTree = "<group>"; };
		412AAE811AD98D3A00FC9DC4 /* AFSecurityPolicy.m */ = {isa = PBXFileReference; fileEncoding = 4; lastKnownFileType = sourcecode.c.objc; path = AFSecurityPolicy.m; sourceTree = "<group>"; };
		412AAE821AD98D3A00FC9DC4 /* AFURLConnectionOperation.h */ = {isa = PBXFileReference; fileEncoding = 4; lastKnownFileType = sourcecode.c.h; path = AFURLConnectionOperation.h; sourceTree = "<group>"; };
		412AAE831AD98D3A00FC9DC4 /* AFURLConnectionOperation.m */ = {isa = PBXFileReference; fileEncoding = 4; lastKnownFileType = sourcecode.c.objc; path = AFURLConnectionOperation.m; sourceTree = "<group>"; };
		412AAE841AD98D3A00FC9DC4 /* AFURLRequestSerialization.h */ = {isa = PBXFileReference; fileEncoding = 4; lastKnownFileType = sourcecode.c.h; path = AFURLRequestSerialization.h; sourceTree = "<group>"; };
		412AAE851AD98D3A00FC9DC4 /* AFURLRequestSerialization.m */ = {isa = PBXFileReference; fileEncoding = 4; lastKnownFileType = sourcecode.c.objc; path = AFURLRequestSerialization.m; sourceTree = "<group>"; };
		412AAE861AD98D3A00FC9DC4 /* AFURLResponseSerialization.h */ = {isa = PBXFileReference; fileEncoding = 4; lastKnownFileType = sourcecode.c.h; path = AFURLResponseSerialization.h; sourceTree = "<group>"; };
		412AAE871AD98D3A00FC9DC4 /* AFURLResponseSerialization.m */ = {isa = PBXFileReference; fileEncoding = 4; lastKnownFileType = sourcecode.c.objc; path = AFURLResponseSerialization.m; sourceTree = "<group>"; };
		412AAE881AD98D3A00FC9DC4 /* AFURLSessionManager.h */ = {isa = PBXFileReference; fileEncoding = 4; lastKnownFileType = sourcecode.c.h; path = AFURLSessionManager.h; sourceTree = "<group>"; };
		412AAE891AD98D3A00FC9DC4 /* AFURLSessionManager.m */ = {isa = PBXFileReference; fileEncoding = 4; lastKnownFileType = sourcecode.c.objc; path = AFURLSessionManager.m; sourceTree = "<group>"; };
		412AAE941AD98D5100FC9DC4 /* AFNetworkActivityIndicatorManager.h */ = {isa = PBXFileReference; fileEncoding = 4; lastKnownFileType = sourcecode.c.h; path = AFNetworkActivityIndicatorManager.h; sourceTree = "<group>"; };
		412AAE951AD98D5100FC9DC4 /* AFNetworkActivityIndicatorManager.m */ = {isa = PBXFileReference; fileEncoding = 4; lastKnownFileType = sourcecode.c.objc; path = AFNetworkActivityIndicatorManager.m; sourceTree = "<group>"; };
		412AAE961AD98D5100FC9DC4 /* UIActivityIndicatorView+AFNetworking.h */ = {isa = PBXFileReference; fileEncoding = 4; lastKnownFileType = sourcecode.c.h; path = "UIActivityIndicatorView+AFNetworking.h"; sourceTree = "<group>"; };
		412AAE971AD98D5100FC9DC4 /* UIActivityIndicatorView+AFNetworking.m */ = {isa = PBXFileReference; fileEncoding = 4; lastKnownFileType = sourcecode.c.objc; path = "UIActivityIndicatorView+AFNetworking.m"; sourceTree = "<group>"; };
		412AAE981AD98D5100FC9DC4 /* UIAlertView+AFNetworking.h */ = {isa = PBXFileReference; fileEncoding = 4; lastKnownFileType = sourcecode.c.h; path = "UIAlertView+AFNetworking.h"; sourceTree = "<group>"; };
		412AAE991AD98D5100FC9DC4 /* UIAlertView+AFNetworking.m */ = {isa = PBXFileReference; fileEncoding = 4; lastKnownFileType = sourcecode.c.objc; path = "UIAlertView+AFNetworking.m"; sourceTree = "<group>"; };
		412AAE9A1AD98D5100FC9DC4 /* UIButton+AFNetworking.h */ = {isa = PBXFileReference; fileEncoding = 4; lastKnownFileType = sourcecode.c.h; path = "UIButton+AFNetworking.h"; sourceTree = "<group>"; };
		412AAE9B1AD98D5100FC9DC4 /* UIButton+AFNetworking.m */ = {isa = PBXFileReference; fileEncoding = 4; lastKnownFileType = sourcecode.c.objc; path = "UIButton+AFNetworking.m"; sourceTree = "<group>"; };
		412AAE9C1AD98D5100FC9DC4 /* UIImageView+AFNetworking.h */ = {isa = PBXFileReference; fileEncoding = 4; lastKnownFileType = sourcecode.c.h; path = "UIImageView+AFNetworking.h"; sourceTree = "<group>"; };
		412AAE9D1AD98D5100FC9DC4 /* UIImageView+AFNetworking.m */ = {isa = PBXFileReference; fileEncoding = 4; lastKnownFileType = sourcecode.c.objc; path = "UIImageView+AFNetworking.m"; sourceTree = "<group>"; };
		412AAE9E1AD98D5100FC9DC4 /* UIKit+AFNetworking.h */ = {isa = PBXFileReference; fileEncoding = 4; lastKnownFileType = sourcecode.c.h; path = "UIKit+AFNetworking.h"; sourceTree = "<group>"; };
		412AAE9F1AD98D5100FC9DC4 /* UIProgressView+AFNetworking.h */ = {isa = PBXFileReference; fileEncoding = 4; lastKnownFileType = sourcecode.c.h; path = "UIProgressView+AFNetworking.h"; sourceTree = "<group>"; };
		412AAEA01AD98D5100FC9DC4 /* UIProgressView+AFNetworking.m */ = {isa = PBXFileReference; fileEncoding = 4; lastKnownFileType = sourcecode.c.objc; path = "UIProgressView+AFNetworking.m"; sourceTree = "<group>"; };
		412AAEA11AD98D5100FC9DC4 /* UIRefreshControl+AFNetworking.h */ = {isa = PBXFileReference; fileEncoding = 4; lastKnownFileType = sourcecode.c.h; path = "UIRefreshControl+AFNetworking.h"; sourceTree = "<group>"; };
		412AAEA21AD98D5100FC9DC4 /* UIRefreshControl+AFNetworking.m */ = {isa = PBXFileReference; fileEncoding = 4; lastKnownFileType = sourcecode.c.objc; path = "UIRefreshControl+AFNetworking.m"; sourceTree = "<group>"; };
		412AAEA31AD98D5100FC9DC4 /* UIWebView+AFNetworking.h */ = {isa = PBXFileReference; fileEncoding = 4; lastKnownFileType = sourcecode.c.h; path = "UIWebView+AFNetworking.h"; sourceTree = "<group>"; };
		412AAEA41AD98D5100FC9DC4 /* UIWebView+AFNetworking.m */ = {isa = PBXFileReference; fileEncoding = 4; lastKnownFileType = sourcecode.c.objc; path = "UIWebView+AFNetworking.m"; sourceTree = "<group>"; };
		412AAEAD1AD9A73D00FC9DC4 /* SignUpViewController.h */ = {isa = PBXFileReference; fileEncoding = 4; lastKnownFileType = sourcecode.c.h; path = SignUpViewController.h; sourceTree = "<group>"; };
		412AAEAE1AD9A73D00FC9DC4 /* SignUpViewController.m */ = {isa = PBXFileReference; fileEncoding = 4; lastKnownFileType = sourcecode.c.objc; path = SignUpViewController.m; sourceTree = "<group>"; };
		412AAEB01AD9AD4D00FC9DC4 /* blindingLights.jpg */ = {isa = PBXFileReference; lastKnownFileType = image.jpeg; path = blindingLights.jpg; sourceTree = "<group>"; };
		412AAEB21AD9BD8A00FC9DC4 /* suncity.jpg */ = {isa = PBXFileReference; lastKnownFileType = image.jpeg; path = suncity.jpg; sourceTree = "<group>"; };
		412AAEB51AD9FDD100FC9DC4 /* Base */ = {isa = PBXFileReference; lastKnownFileType = file.storyboard; name = Base; path = Base.lproj/Main.storyboard; sourceTree = "<group>"; };
		412AAEB71ADB32E100FC9DC4 /* currentUser.plist */ = {isa = PBXFileReference; fileEncoding = 4; lastKnownFileType = text.plist.xml; path = currentUser.plist; sourceTree = "<group>"; };
		416699321AF9C88A00B3B9C5 /* FriendList.h */ = {isa = PBXFileReference; fileEncoding = 4; lastKnownFileType = sourcecode.c.h; path = FriendList.h; sourceTree = "<group>"; };
		416699331AF9C88A00B3B9C5 /* FriendList.m */ = {isa = PBXFileReference; fileEncoding = 4; lastKnownFileType = sourcecode.c.objc; path = FriendList.m; sourceTree = "<group>"; };
		416699351AF9D68200B3B9C5 /* friendCell.h */ = {isa = PBXFileReference; fileEncoding = 4; lastKnownFileType = sourcecode.c.h; path = friendCell.h; sourceTree = "<group>"; };
		416699361AF9D68200B3B9C5 /* friendCell.m */ = {isa = PBXFileReference; fileEncoding = 4; lastKnownFileType = sourcecode.c.objc; path = friendCell.m; sourceTree = "<group>"; };
		41AA46781ACE5EF10095349A /* momnt_v2.app */ = {isa = PBXFileReference; explicitFileType = wrapper.application; includeInIndex = 0; path = momnt_v2.app; sourceTree = BUILT_PRODUCTS_DIR; };
		41AA467C1ACE5EF10095349A /* Info.plist */ = {isa = PBXFileReference; lastKnownFileType = text.plist.xml; path = Info.plist; sourceTree = "<group>"; };
		41AA467D1ACE5EF10095349A /* main.m */ = {isa = PBXFileReference; lastKnownFileType = sourcecode.c.objc; path = main.m; sourceTree = "<group>"; };
		41AA467F1ACE5EF10095349A /* AppDelegate.h */ = {isa = PBXFileReference; lastKnownFileType = sourcecode.c.h; path = AppDelegate.h; sourceTree = "<group>"; };
		41AA46801ACE5EF10095349A /* AppDelegate.m */ = {isa = PBXFileReference; lastKnownFileType = sourcecode.c.objc; path = AppDelegate.m; sourceTree = "<group>"; };
		41AA46831ACE5EF20095349A /* momnt_v2.xcdatamodel */ = {isa = PBXFileReference; lastKnownFileType = wrapper.xcdatamodel; path = momnt_v2.xcdatamodel; sourceTree = "<group>"; };
		41AA468B1ACE5EF20095349A /* Images.xcassets */ = {isa = PBXFileReference; lastKnownFileType = folder.assetcatalog; path = Images.xcassets; sourceTree = "<group>"; };
		41AA468E1ACE5EF20095349A /* Base */ = {isa = PBXFileReference; lastKnownFileType = file.xib; name = Base; path = Base.lproj/LaunchScreen.xib; sourceTree = "<group>"; };
		41AA46941ACE5EF20095349A /* momnt_v2Tests.xctest */ = {isa = PBXFileReference; explicitFileType = wrapper.cfbundle; includeInIndex = 0; path = momnt_v2Tests.xctest; sourceTree = BUILT_PRODUCTS_DIR; };
		41AA46991ACE5EF20095349A /* Info.plist */ = {isa = PBXFileReference; lastKnownFileType = text.plist.xml; path = Info.plist; sourceTree = "<group>"; };
		41AA469A1ACE5EF20095349A /* momnt_v2Tests.m */ = {isa = PBXFileReference; lastKnownFileType = sourcecode.c.objc; path = momnt_v2Tests.m; sourceTree = "<group>"; };
		41AA46A41ACF4E560095349A /* HomeViewController.h */ = {isa = PBXFileReference; fileEncoding = 4; lastKnownFileType = sourcecode.c.h; path = HomeViewController.h; sourceTree = "<group>"; };
		41AA46A51ACF4E560095349A /* HomeViewController.m */ = {isa = PBXFileReference; fileEncoding = 4; lastKnownFileType = sourcecode.c.objc; path = HomeViewController.m; sourceTree = "<group>"; };
		41AA46A71ACF4E790095349A /* TrainCaptureViewController.h */ = {isa = PBXFileReference; fileEncoding = 4; lastKnownFileType = sourcecode.c.h; path = TrainCaptureViewController.h; sourceTree = "<group>"; };
		41AA46A81ACF4E790095349A /* TrainCaptureViewController.m */ = {isa = PBXFileReference; fileEncoding = 4; lastKnownFileType = sourcecode.c.objc; path = TrainCaptureViewController.m; sourceTree = "<group>"; };
		41AA46AA1ACF4E9C0095349A /* TestCaptureViewController.h */ = {isa = PBXFileReference; fileEncoding = 4; lastKnownFileType = sourcecode.c.h; path = TestCaptureViewController.h; sourceTree = "<group>"; };
		41AA46AB1ACF4E9C0095349A /* TestCaptureViewController.m */ = {isa = PBXFileReference; fileEncoding = 4; lastKnownFileType = sourcecode.c.objc; path = TestCaptureViewController.m; sourceTree = "<group>"; };
		41AA46AD1ACF4EB70095349A /* TrainSaveViewController.h */ = {isa = PBXFileReference; fileEncoding = 4; lastKnownFileType = sourcecode.c.h; path = TrainSaveViewController.h; sourceTree = "<group>"; };
		41AA46AE1ACF4EB70095349A /* TrainSaveViewController.m */ = {isa = PBXFileReference; fileEncoding = 4; lastKnownFileType = sourcecode.c.objc; path = TrainSaveViewController.m; sourceTree = "<group>"; };
		41AA46B01ACF4ED80095349A /* TestFacesTableViewController.h */ = {isa = PBXFileReference; fileEncoding = 4; lastKnownFileType = sourcecode.c.h; path = TestFacesTableViewController.h; sourceTree = "<group>"; };
		41AA46B11ACF4ED80095349A /* TestFacesTableViewController.m */ = {isa = PBXFileReference; fileEncoding = 4; lastKnownFileType = sourcecode.c.objc; path = TestFacesTableViewController.m; sourceTree = "<group>"; };
		41AA46B31ACF4F010095349A /* TestFacesTableViewCell.h */ = {isa = PBXFileReference; fileEncoding = 4; lastKnownFileType = sourcecode.c.h; path = TestFacesTableViewCell.h; sourceTree = "<group>"; };
		41AA46B41ACF4F010095349A /* TestFacesTableViewCell.m */ = {isa = PBXFileReference; fileEncoding = 4; lastKnownFileType = sourcecode.c.objc; path = TestFacesTableViewCell.m; sourceTree = "<group>"; };
		41AA46B61ACF52320095349A /* AudioToolbox.framework */ = {isa = PBXFileReference; lastKnownFileType = wrapper.framework; name = AudioToolbox.framework; path = System/Library/Frameworks/AudioToolbox.framework; sourceTree = SDKROOT; };
		41AA46B81ACF523A0095349A /* MessageUI.framework */ = {isa = PBXFileReference; lastKnownFileType = wrapper.framework; name = MessageUI.framework; path = System/Library/Frameworks/MessageUI.framework; sourceTree = SDKROOT; };
		41AA46BA1ACF52400095349A /* CoreImage.framework */ = {isa = PBXFileReference; lastKnownFileType = wrapper.framework; name = CoreImage.framework; path = System/Library/Frameworks/CoreImage.framework; sourceTree = SDKROOT; };
		41AA46BC1ACF52470095349A /* SystemConfiguration.framework */ = {isa = PBXFileReference; lastKnownFileType = wrapper.framework; name = SystemConfiguration.framework; path = System/Library/Frameworks/SystemConfiguration.framework; sourceTree = SDKROOT; };
		41AA46BE1ACF524E0095349A /* MobileCoreServices.framework */ = {isa = PBXFileReference; lastKnownFileType = wrapper.framework; name = MobileCoreServices.framework; path = System/Library/Frameworks/MobileCoreServices.framework; sourceTree = SDKROOT; };
		41AA46C01ACF52590095349A /* CFNetwork.framework */ = {isa = PBXFileReference; lastKnownFileType = wrapper.framework; name = CFNetwork.framework; path = System/Library/Frameworks/CFNetwork.framework; sourceTree = SDKROOT; };
		41AA46C21ACF52640095349A /* CoreMedia.framework */ = {isa = PBXFileReference; lastKnownFileType = wrapper.framework; name = CoreMedia.framework; path = System/Library/Frameworks/CoreMedia.framework; sourceTree = SDKROOT; };
		41AA46C41ACF526A0095349A /* CoreVideo.framework */ = {isa = PBXFileReference; lastKnownFileType = wrapper.framework; name = CoreVideo.framework; path = System/Library/Frameworks/CoreVideo.framework; sourceTree = SDKROOT; };
		41AA46C61ACF52730095349A /* CoreGraphics.framework */ = {isa = PBXFileReference; lastKnownFileType = wrapper.framework; name = CoreGraphics.framework; path = System/Library/Frameworks/CoreGraphics.framework; sourceTree = SDKROOT; };
		41AA46C81ACF52790095349A /* AVFoundation.framework */ = {isa = PBXFileReference; lastKnownFileType = wrapper.framework; name = AVFoundation.framework; path = System/Library/Frameworks/AVFoundation.framework; sourceTree = SDKROOT; };
		41AA46CA1ACF52810095349A /* QuartzCore.framework */ = {isa = PBXFileReference; lastKnownFileType = wrapper.framework; name = QuartzCore.framework; path = System/Library/Frameworks/QuartzCore.framework; sourceTree = SDKROOT; };
		41AA46CC1ACF528E0095349A /* UIKit.framework */ = {isa = PBXFileReference; lastKnownFileType = wrapper.framework; name = UIKit.framework; path = System/Library/Frameworks/UIKit.framework; sourceTree = SDKROOT; };
		41AA46CE1ACF52960095349A /* Foundation.framework */ = {isa = PBXFileReference; lastKnownFileType = wrapper.framework; name = Foundation.framework; path = System/Library/Frameworks/Foundation.framework; sourceTree = SDKROOT; };
		41AA46D01ACF52BB0095349A /* libKairosSDK.a */ = {isa = PBXFileReference; lastKnownFileType = archive.ar; path = libKairosSDK.a; sourceTree = "<group>"; };
		41AA46D21ACF52C80095349A /* KairosSDK.h */ = {isa = PBXFileReference; lastKnownFileType = sourcecode.c.h; path = KairosSDK.h; sourceTree = "<group>"; };
		41AA46D41ACF55820095349A /* PrefixHeader.pch */ = {isa = PBXFileReference; lastKnownFileType = sourcecode.c.h; path = PrefixHeader.pch; sourceTree = "<group>"; };
		41AA46D51ACF59260095349A /* ServerCalls.h */ = {isa = PBXFileReference; fileEncoding = 4; lastKnownFileType = sourcecode.c.h; path = ServerCalls.h; sourceTree = "<group>"; };
		41AA46D61ACF59260095349A /* ServerCalls.m */ = {isa = PBXFileReference; fileEncoding = 4; lastKnownFileType = sourcecode.c.objc; path = ServerCalls.m; sourceTree = "<group>"; };
		41AA46D81ACF608C0095349A /* TestDetectViewController.h */ = {isa = PBXFileReference; fileEncoding = 4; lastKnownFileType = sourcecode.c.h; path = TestDetectViewController.h; sourceTree = "<group>"; };
		41AA46D91ACF608C0095349A /* TestDetectViewController.m */ = {isa = PBXFileReference; fileEncoding = 4; lastKnownFileType = sourcecode.c.objc; path = TestDetectViewController.m; sourceTree = "<group>"; };
		41AC5F701AD3E08A0095789F /* TrainFaceViewController.h */ = {isa = PBXFileReference; fileEncoding = 4; lastKnownFileType = sourcecode.c.h; path = TrainFaceViewController.h; sourceTree = "<group>"; };
		41AC5F711AD3E08A0095789F /* TrainFaceViewController.m */ = {isa = PBXFileReference; fileEncoding = 4; lastKnownFileType = sourcecode.c.objc; path = TrainFaceViewController.m; sourceTree = "<group>"; };
		41AC5F731AD3E0C30095789F /* TrainFaceTableViewCell.h */ = {isa = PBXFileReference; fileEncoding = 4; lastKnownFileType = sourcecode.c.h; path = TrainFaceTableViewCell.h; sourceTree = "<group>"; };
		41AC5F741AD3E0C30095789F /* TrainFaceTableViewCell.m */ = {isa = PBXFileReference; fileEncoding = 4; lastKnownFileType = sourcecode.c.objc; path = TrainFaceTableViewCell.m; sourceTree = "<group>"; };
		41BD7A2E1AFB452600A5170E /* User.h */ = {isa = PBXFileReference; fileEncoding = 4; lastKnownFileType = sourcecode.c.h; path = User.h; sourceTree = "<group>"; };
		41BD7A2F1AFB452600A5170E /* User.m */ = {isa = PBXFileReference; fileEncoding = 4; lastKnownFileType = sourcecode.c.objc; path = User.m; sourceTree = "<group>"; };
		41D968B11AD7ACED00E30B46 /* LoginViewController.h */ = {isa = PBXFileReference; fileEncoding = 4; lastKnownFileType = sourcecode.c.h; path = LoginViewController.h; sourceTree = "<group>"; };
		41D968B21AD7ACED00E30B46 /* LoginViewController.m */ = {isa = PBXFileReference; fileEncoding = 4; lastKnownFileType = sourcecode.c.objc; path = LoginViewController.m; sourceTree = "<group>"; };
		41E2678C1AF6F2C3004069CE /* StagingViewController.h */ = {isa = PBXFileReference; fileEncoding = 4; lastKnownFileType = sourcecode.c.h; path = StagingViewController.h; sourceTree = "<group>"; };
		41E2678D1AF6F2C3004069CE /* StagingViewController.m */ = {isa = PBXFileReference; fileEncoding = 4; lastKnownFileType = sourcecode.c.objc; path = StagingViewController.m; sourceTree = "<group>"; };
		41E2678F1AF701CD004069CE /* RCImage.h */ = {isa = PBXFileReference; fileEncoding = 4; lastKnownFileType = sourcecode.c.h; path = RCImage.h; sourceTree = "<group>"; };
		41E267901AF701CD004069CE /* RCImage.m */ = {isa = PBXFileReference; fileEncoding = 4; lastKnownFileType = sourcecode.c.objc; path = RCImage.m; sourceTree = "<group>"; };
		41E267921AF709C2004069CE /* AddFriendViewController.h */ = {isa = PBXFileReference; fileEncoding = 4; lastKnownFileType = sourcecode.c.h; path = AddFriendViewController.h; sourceTree = "<group>"; };
		41E267931AF709C2004069CE /* AddFriendViewController.m */ = {isa = PBXFileReference; fileEncoding = 4; lastKnownFileType = sourcecode.c.objc; path = AddFriendViewController.m; sourceTree = "<group>"; };
		41E267951AF7142E004069CE /* ShareImgCell.h */ = {isa = PBXFileReference; fileEncoding = 4; lastKnownFileType = sourcecode.c.h; path = ShareImgCell.h; sourceTree = "<group>"; };
		41E267961AF7142E004069CE /* ShareImgCell.m */ = {isa = PBXFileReference; fileEncoding = 4; lastKnownFileType = sourcecode.c.objc; path = ShareImgCell.m; sourceTree = "<group>"; };
		41E267981AF746C3004069CE /* faceButton.h */ = {isa = PBXFileReference; fileEncoding = 4; lastKnownFileType = sourcecode.c.h; path = faceButton.h; sourceTree = "<group>"; };
		41E267991AF746C3004069CE /* faceButton.m */ = {isa = PBXFileReference; fileEncoding = 4; lastKnownFileType = sourcecode.c.objc; path = faceButton.m; sourceTree = "<group>"; };
/* End PBXFileReference section */

/* Begin PBXFrameworksBuildPhase section */
		41AA46751ACE5EF10095349A /* Frameworks */ = {
			isa = PBXFrameworksBuildPhase;
			buildActionMask = 2147483647;
			files = (
				4106655D1AE72AD2005E75E4 /* CoreLocation.framework in Frameworks */,
				41AA46CF1ACF52960095349A /* Foundation.framework in Frameworks */,
				41AA46CD1ACF528E0095349A /* UIKit.framework in Frameworks */,
				41AA46CB1ACF52810095349A /* QuartzCore.framework in Frameworks */,
				41AA46C91ACF52790095349A /* AVFoundation.framework in Frameworks */,
				41AA46C71ACF52730095349A /* CoreGraphics.framework in Frameworks */,
				41AA46C51ACF526A0095349A /* CoreVideo.framework in Frameworks */,
				41AA46C31ACF52640095349A /* CoreMedia.framework in Frameworks */,
				41AA46C11ACF52590095349A /* CFNetwork.framework in Frameworks */,
				41AA46BF1ACF524E0095349A /* MobileCoreServices.framework in Frameworks */,
				41AA46D11ACF52BB0095349A /* libKairosSDK.a in Frameworks */,
				41AA46BD1ACF52470095349A /* SystemConfiguration.framework in Frameworks */,
				41AA46BB1ACF52400095349A /* CoreImage.framework in Frameworks */,
				41AA46B91ACF523A0095349A /* MessageUI.framework in Frameworks */,
				41AA46B71ACF52320095349A /* AudioToolbox.framework in Frameworks */,
			);
			runOnlyForDeploymentPostprocessing = 0;
		};
		41AA46911ACE5EF20095349A /* Frameworks */ = {
			isa = PBXFrameworksBuildPhase;
			buildActionMask = 2147483647;
			files = (
			);
			runOnlyForDeploymentPostprocessing = 0;
		};
/* End PBXFrameworksBuildPhase section */

/* Begin PBXGroup section */
		412AAE761AD98D3A00FC9DC4 /* AFNetworking */ = {
			isa = PBXGroup;
			children = (
				412AAE771AD98D3A00FC9DC4 /* AFHTTPRequestOperation.h */,
				412AAE781AD98D3A00FC9DC4 /* AFHTTPRequestOperation.m */,
				412AAE791AD98D3A00FC9DC4 /* AFHTTPRequestOperationManager.h */,
				412AAE7A1AD98D3A00FC9DC4 /* AFHTTPRequestOperationManager.m */,
				412AAE7B1AD98D3A00FC9DC4 /* AFHTTPSessionManager.h */,
				412AAE7C1AD98D3A00FC9DC4 /* AFHTTPSessionManager.m */,
				412AAE7D1AD98D3A00FC9DC4 /* AFNetworking.h */,
				412AAE7E1AD98D3A00FC9DC4 /* AFNetworkReachabilityManager.h */,
				412AAE7F1AD98D3A00FC9DC4 /* AFNetworkReachabilityManager.m */,
				412AAE801AD98D3A00FC9DC4 /* AFSecurityPolicy.h */,
				412AAE811AD98D3A00FC9DC4 /* AFSecurityPolicy.m */,
				412AAE821AD98D3A00FC9DC4 /* AFURLConnectionOperation.h */,
				412AAE831AD98D3A00FC9DC4 /* AFURLConnectionOperation.m */,
				412AAE841AD98D3A00FC9DC4 /* AFURLRequestSerialization.h */,
				412AAE851AD98D3A00FC9DC4 /* AFURLRequestSerialization.m */,
				412AAE861AD98D3A00FC9DC4 /* AFURLResponseSerialization.h */,
				412AAE871AD98D3A00FC9DC4 /* AFURLResponseSerialization.m */,
				412AAE881AD98D3A00FC9DC4 /* AFURLSessionManager.h */,
				412AAE891AD98D3A00FC9DC4 /* AFURLSessionManager.m */,
			);
			path = AFNetworking;
			sourceTree = "<group>";
		};
		412AAE931AD98D5100FC9DC4 /* UIKit+AFNetworking */ = {
			isa = PBXGroup;
			children = (
				412AAE941AD98D5100FC9DC4 /* AFNetworkActivityIndicatorManager.h */,
				412AAE951AD98D5100FC9DC4 /* AFNetworkActivityIndicatorManager.m */,
				412AAE961AD98D5100FC9DC4 /* UIActivityIndicatorView+AFNetworking.h */,
				412AAE971AD98D5100FC9DC4 /* UIActivityIndicatorView+AFNetworking.m */,
				412AAE981AD98D5100FC9DC4 /* UIAlertView+AFNetworking.h */,
				412AAE991AD98D5100FC9DC4 /* UIAlertView+AFNetworking.m */,
				412AAE9A1AD98D5100FC9DC4 /* UIButton+AFNetworking.h */,
				412AAE9B1AD98D5100FC9DC4 /* UIButton+AFNetworking.m */,
				412AAE9C1AD98D5100FC9DC4 /* UIImageView+AFNetworking.h */,
				412AAE9D1AD98D5100FC9DC4 /* UIImageView+AFNetworking.m */,
				412AAE9E1AD98D5100FC9DC4 /* UIKit+AFNetworking.h */,
				412AAE9F1AD98D5100FC9DC4 /* UIProgressView+AFNetworking.h */,
				412AAEA01AD98D5100FC9DC4 /* UIProgressView+AFNetworking.m */,
				412AAEA11AD98D5100FC9DC4 /* UIRefreshControl+AFNetworking.h */,
				412AAEA21AD98D5100FC9DC4 /* UIRefreshControl+AFNetworking.m */,
				412AAEA31AD98D5100FC9DC4 /* UIWebView+AFNetworking.h */,
				412AAEA41AD98D5100FC9DC4 /* UIWebView+AFNetworking.m */,
			);
			path = "UIKit+AFNetworking";
			sourceTree = "<group>";
		};
		41AA466F1ACE5EF10095349A = {
			isa = PBXGroup;
			children = (
				4106655C1AE72AD2005E75E4 /* CoreLocation.framework */,
				410C5A611AE321F00065F9B8 /* picture65.png */,
				410C5A621AE321F00065F9B8 /* power86.png */,
				410BACC51ADB4B99001996B4 /* rotate_camera.png */,
				412AAEB21AD9BD8A00FC9DC4 /* suncity.jpg */,
				412AAEB01AD9AD4D00FC9DC4 /* blindingLights.jpg */,
				412AAE931AD98D5100FC9DC4 /* UIKit+AFNetworking */,
				412AAE761AD98D3A00FC9DC4 /* AFNetworking */,
				412AAE741AD981B900FC9DC4 /* momnts_signin.jpg */,
				412AAE701AD8EA3300FC9DC4 /* page1a.png */,
				412AAE681AD8606000FC9DC4 /* page1.png */,
				412AAE691AD8606000FC9DC4 /* page2.png */,
				412AAE6A1AD8606000FC9DC4 /* page3.png */,
				412AAE6B1AD8606000FC9DC4 /* page4.png */,
				41AA46D21ACF52C80095349A /* KairosSDK.h */,
				41AA46D01ACF52BB0095349A /* libKairosSDK.a */,
				41AA46CE1ACF52960095349A /* Foundation.framework */,
				41AA46CC1ACF528E0095349A /* UIKit.framework */,
				41AA46CA1ACF52810095349A /* QuartzCore.framework */,
				41AA46C81ACF52790095349A /* AVFoundation.framework */,
				41AA46C61ACF52730095349A /* CoreGraphics.framework */,
				41AA46C41ACF526A0095349A /* CoreVideo.framework */,
				41AA46C21ACF52640095349A /* CoreMedia.framework */,
				41AA46C01ACF52590095349A /* CFNetwork.framework */,
				41AA46BE1ACF524E0095349A /* MobileCoreServices.framework */,
				41AA46BC1ACF52470095349A /* SystemConfiguration.framework */,
				41AA46BA1ACF52400095349A /* CoreImage.framework */,
				41AA46B81ACF523A0095349A /* MessageUI.framework */,
				41AA46B61ACF52320095349A /* AudioToolbox.framework */,
				41AA467A1ACE5EF10095349A /* momnt_v2 */,
				41AA46971ACE5EF20095349A /* momnt_v2Tests */,
				41AA46791ACE5EF10095349A /* Products */,
			);
			sourceTree = "<group>";
		};
		41AA46791ACE5EF10095349A /* Products */ = {
			isa = PBXGroup;
			children = (
				41AA46781ACE5EF10095349A /* momnt_v2.app */,
				41AA46941ACE5EF20095349A /* momnt_v2Tests.xctest */,
			);
			name = Products;
			sourceTree = "<group>";
		};
		41AA467A1ACE5EF10095349A /* momnt_v2 */ = {
			isa = PBXGroup;
			children = (
				410665591AE72AAB005E75E4 /* Locater.h */,
				4106655A1AE72AAB005E75E4 /* Locater.m */,
				412AAEB41AD9FDD100FC9DC4 /* Main.storyboard */,
				41E267951AF7142E004069CE /* ShareImgCell.h */,
				41E267961AF7142E004069CE /* ShareImgCell.m */,
				41E267921AF709C2004069CE /* AddFriendViewController.h */,
				41E267931AF709C2004069CE /* AddFriendViewController.m */,
				41E2678C1AF6F2C3004069CE /* StagingViewController.h */,
				41E2678D1AF6F2C3004069CE /* StagingViewController.m */,
				416699321AF9C88A00B3B9C5 /* FriendList.h */,
				416699331AF9C88A00B3B9C5 /* FriendList.m */,
				416699351AF9D68200B3B9C5 /* friendCell.h */,
				416699361AF9D68200B3B9C5 /* friendCell.m */,
				41E267981AF746C3004069CE /* faceButton.h */,
				41E267991AF746C3004069CE /* faceButton.m */,
				410C5A5E1AE318E00065F9B8 /* PicsCollectionViewCell.h */,
				410C5A5F1AE318E00065F9B8 /* PicsCollectionViewCell.m */,
				410C5A5B1AE2FF5B0065F9B8 /* AllPicsViewController.h */,
				410C5A5C1AE2FF5B0065F9B8 /* AllPicsViewController.m */,
				41D968B11AD7ACED00E30B46 /* LoginViewController.h */,
				41D968B21AD7ACED00E30B46 /* LoginViewController.m */,
				41AA46D51ACF59260095349A /* ServerCalls.h */,
				41AA46D61ACF59260095349A /* ServerCalls.m */,
				412AAEB71ADB32E100FC9DC4 /* currentUser.plist */,
				41AA467F1ACE5EF10095349A /* AppDelegate.h */,
				41AA46801ACE5EF10095349A /* AppDelegate.m */,
				412AAEAD1AD9A73D00FC9DC4 /* SignUpViewController.h */,
				412AAEAE1AD9A73D00FC9DC4 /* SignUpViewController.m */,
				41AC5F731AD3E0C30095789F /* TrainFaceTableViewCell.h */,
				41AC5F741AD3E0C30095789F /* TrainFaceTableViewCell.m */,
				41AC5F701AD3E08A0095789F /* TrainFaceViewController.h */,
				41AC5F711AD3E08A0095789F /* TrainFaceViewController.m */,
				41AA46D81ACF608C0095349A /* TestDetectViewController.h */,
				41AA46D91ACF608C0095349A /* TestDetectViewController.m */,
				41AA46A41ACF4E560095349A /* HomeViewController.h */,
				41AA46A51ACF4E560095349A /* HomeViewController.m */,
				41AA46A71ACF4E790095349A /* TrainCaptureViewController.h */,
				41AA46A81ACF4E790095349A /* TrainCaptureViewController.m */,
				41AA46AA1ACF4E9C0095349A /* TestCaptureViewController.h */,
				41AA46AB1ACF4E9C0095349A /* TestCaptureViewController.m */,
				41BD7A2E1AFB452600A5170E /* User.h */,
				41BD7A2F1AFB452600A5170E /* User.m */,
				41E2678F1AF701CD004069CE /* RCImage.h */,
				41E267901AF701CD004069CE /* RCImage.m */,
				41AA46AD1ACF4EB70095349A /* TrainSaveViewController.h */,
				41AA46AE1ACF4EB70095349A /* TrainSaveViewController.m */,
				41AA46B01ACF4ED80095349A /* TestFacesTableViewController.h */,
				41AA46B11ACF4ED80095349A /* TestFacesTableViewController.m */,
				41AA46B31ACF4F010095349A /* TestFacesTableViewCell.h */,
				41AA46B41ACF4F010095349A /* TestFacesTableViewCell.m */,
				41AA468B1ACE5EF20095349A /* Images.xcassets */,
				41AA468D1ACE5EF20095349A /* LaunchScreen.xib */,
				41AA46821ACE5EF20095349A /* momnt_v2.xcdatamodeld */,
				41AA467B1ACE5EF10095349A /* Supporting Files */,
			);
			path = momnt_v2;
			sourceTree = "<group>";
		};
		41AA467B1ACE5EF10095349A /* Supporting Files */ = {
			isa = PBXGroup;
			children = (
				41AA467C1ACE5EF10095349A /* Info.plist */,
				41AA467D1ACE5EF10095349A /* main.m */,
				41AA46D41ACF55820095349A /* PrefixHeader.pch */,
			);
			name = "Supporting Files";
			sourceTree = "<group>";
		};
		41AA46971ACE5EF20095349A /* momnt_v2Tests */ = {
			isa = PBXGroup;
			children = (
				41AA469A1ACE5EF20095349A /* momnt_v2Tests.m */,
				41AA46981ACE5EF20095349A /* Supporting Files */,
			);
			path = momnt_v2Tests;
			sourceTree = "<group>";
		};
		41AA46981ACE5EF20095349A /* Supporting Files */ = {
			isa = PBXGroup;
			children = (
				41AA46991ACE5EF20095349A /* Info.plist */,
			);
			name = "Supporting Files";
			sourceTree = "<group>";
		};
/* End PBXGroup section */

/* Begin PBXNativeTarget section */
		41AA46771ACE5EF10095349A /* momnt_v2 */ = {
			isa = PBXNativeTarget;
			buildConfigurationList = 41AA469E1ACE5EF30095349A /* Build configuration list for PBXNativeTarget "momnt_v2" */;
			buildPhases = (
				41AA46741ACE5EF10095349A /* Sources */,
				41AA46751ACE5EF10095349A /* Frameworks */,
				41AA46761ACE5EF10095349A /* Resources */,
			);
			buildRules = (
			);
			dependencies = (
			);
			name = momnt_v2;
			productName = momnt_v2;
			productReference = 41AA46781ACE5EF10095349A /* momnt_v2.app */;
			productType = "com.apple.product-type.application";
		};
		41AA46931ACE5EF20095349A /* momnt_v2Tests */ = {
			isa = PBXNativeTarget;
			buildConfigurationList = 41AA46A11ACE5EF30095349A /* Build configuration list for PBXNativeTarget "momnt_v2Tests" */;
			buildPhases = (
				41AA46901ACE5EF20095349A /* Sources */,
				41AA46911ACE5EF20095349A /* Frameworks */,
				41AA46921ACE5EF20095349A /* Resources */,
			);
			buildRules = (
			);
			dependencies = (
				41AA46961ACE5EF20095349A /* PBXTargetDependency */,
			);
			name = momnt_v2Tests;
			productName = momnt_v2Tests;
			productReference = 41AA46941ACE5EF20095349A /* momnt_v2Tests.xctest */;
			productType = "com.apple.product-type.bundle.unit-test";
		};
/* End PBXNativeTarget section */

/* Begin PBXProject section */
		41AA46701ACE5EF10095349A /* Project object */ = {
			isa = PBXProject;
			attributes = {
				LastUpgradeCheck = 0620;
				ORGANIZATIONNAME = "Naren Sathiya";
				TargetAttributes = {
					41AA46771ACE5EF10095349A = {
						CreatedOnToolsVersion = 6.2;
					};
					41AA46931ACE5EF20095349A = {
						CreatedOnToolsVersion = 6.2;
						TestTargetID = 41AA46771ACE5EF10095349A;
					};
				};
			};
			buildConfigurationList = 41AA46731ACE5EF10095349A /* Build configuration list for PBXProject "momnt_v2" */;
			compatibilityVersion = "Xcode 3.2";
			developmentRegion = English;
			hasScannedForEncodings = 0;
			knownRegions = (
				en,
				Base,
			);
			mainGroup = 41AA466F1ACE5EF10095349A;
			productRefGroup = 41AA46791ACE5EF10095349A /* Products */;
			projectDirPath = "";
			projectRoot = "";
			targets = (
				41AA46771ACE5EF10095349A /* momnt_v2 */,
				41AA46931ACE5EF20095349A /* momnt_v2Tests */,
			);
		};
/* End PBXProject section */

/* Begin PBXResourcesBuildPhase section */
		41AA46761ACE5EF10095349A /* Resources */ = {
			isa = PBXResourcesBuildPhase;
			buildActionMask = 2147483647;
			files = (
				41AA468F1ACE5EF20095349A /* LaunchScreen.xib in Resources */,
				412AAEB81ADB32E100FC9DC4 /* currentUser.plist in Resources */,
				412AAE6E1AD8606000FC9DC4 /* page3.png in Resources */,
				412AAEB11AD9AD4D00FC9DC4 /* blindingLights.jpg in Resources */,
				412AAEB31AD9BD8A00FC9DC4 /* suncity.jpg in Resources */,
				412AAE6F1AD8606000FC9DC4 /* page4.png in Resources */,
				412AAEB61AD9FDD100FC9DC4 /* Main.storyboard in Resources */,
				412AAE711AD8EA3300FC9DC4 /* page1a.png in Resources */,
				410BACC61ADB4B99001996B4 /* rotate_camera.png in Resources */,
				412AAE751AD981B900FC9DC4 /* momnts_signin.jpg in Resources */,
				412AAE6C1AD8606000FC9DC4 /* page1.png in Resources */,
				410C5A641AE321F00065F9B8 /* power86.png in Resources */,
				41AA468C1ACE5EF20095349A /* Images.xcassets in Resources */,
				412AAE6D1AD8606000FC9DC4 /* page2.png in Resources */,
				410C5A631AE321F00065F9B8 /* picture65.png in Resources */,
			);
			runOnlyForDeploymentPostprocessing = 0;
		};
		41AA46921ACE5EF20095349A /* Resources */ = {
			isa = PBXResourcesBuildPhase;
			buildActionMask = 2147483647;
			files = (
			);
			runOnlyForDeploymentPostprocessing = 0;
		};
/* End PBXResourcesBuildPhase section */

/* Begin PBXSourcesBuildPhase section */
		41AA46741ACE5EF10095349A /* Sources */ = {
			isa = PBXSourcesBuildPhase;
			buildActionMask = 2147483647;
			files = (
				41AC5F721AD3E08A0095789F /* TrainFaceViewController.m in Sources */,
				41AA46811ACE5EF10095349A /* AppDelegate.m in Sources */,
				416699341AF9C88A00B3B9C5 /* FriendList.m in Sources */,
				4106655B1AE72AAB005E75E4 /* Locater.m in Sources */,
				412AAEA81AD98D5100FC9DC4 /* UIButton+AFNetworking.m in Sources */,
				41AA46AF1ACF4EB70095349A /* TrainSaveViewController.m in Sources */,
				412AAEAC1AD98D5100FC9DC4 /* UIWebView+AFNetworking.m in Sources */,
				41E267941AF709C2004069CE /* AddFriendViewController.m in Sources */,
				41BD7A301AFB452600A5170E /* User.m in Sources */,
				412AAEAA1AD98D5100FC9DC4 /* UIProgressView+AFNetworking.m in Sources */,
				412AAE8C1AD98D3A00FC9DC4 /* AFHTTPSessionManager.m in Sources */,
				41AA46D71ACF59260095349A /* ServerCalls.m in Sources */,
				41E2679A1AF746C3004069CE /* faceButton.m in Sources */,
				412AAEA91AD98D5100FC9DC4 /* UIImageView+AFNetworking.m in Sources */,
				416699371AF9D68200B3B9C5 /* friendCell.m in Sources */,
				410C5A5D1AE2FF5B0065F9B8 /* AllPicsViewController.m in Sources */,
				41E267971AF7142E004069CE /* ShareImgCell.m in Sources */,
				412AAE8D1AD98D3A00FC9DC4 /* AFNetworkReachabilityManager.m in Sources */,
				412AAE8A1AD98D3A00FC9DC4 /* AFHTTPRequestOperation.m in Sources */,
				412AAE901AD98D3A00FC9DC4 /* AFURLRequestSerialization.m in Sources */,
				412AAE8F1AD98D3A00FC9DC4 /* AFURLConnectionOperation.m in Sources */,
				412AAE921AD98D3A00FC9DC4 /* AFURLSessionManager.m in Sources */,
				41AA46DA1ACF608C0095349A /* TestDetectViewController.m in Sources */,
				412AAEA61AD98D5100FC9DC4 /* UIActivityIndicatorView+AFNetworking.m in Sources */,
				41AA46B21ACF4ED80095349A /* TestFacesTableViewController.m in Sources */,
				410C5A601AE318E00065F9B8 /* PicsCollectionViewCell.m in Sources */,
				41AA46841ACE5EF20095349A /* momnt_v2.xcdatamodeld in Sources */,
				41AA467E1ACE5EF10095349A /* main.m in Sources */,
				412AAEAF1AD9A73D00FC9DC4 /* SignUpViewController.m in Sources */,
				41AA46A91ACF4E790095349A /* TrainCaptureViewController.m in Sources */,
				41AA46A61ACF4E560095349A /* HomeViewController.m in Sources */,
				41E267911AF701CD004069CE /* RCImage.m in Sources */,
				41AA46B51ACF4F010095349A /* TestFacesTableViewCell.m in Sources */,
				41AA46AC1ACF4E9C0095349A /* TestCaptureViewController.m in Sources */,
				412AAE8E1AD98D3A00FC9DC4 /* AFSecurityPolicy.m in Sources */,
				412AAEAB1AD98D5100FC9DC4 /* UIRefreshControl+AFNetworking.m in Sources */,
				412AAEA71AD98D5100FC9DC4 /* UIAlertView+AFNetworking.m in Sources */,
				41E2678E1AF6F2C3004069CE /* StagingViewController.m in Sources */,
				41AC5F751AD3E0C30095789F /* TrainFaceTableViewCell.m in Sources */,
				412AAE8B1AD98D3A00FC9DC4 /* AFHTTPRequestOperationManager.m in Sources */,
				41D968B31AD7ACED00E30B46 /* LoginViewController.m in Sources */,
				412AAE911AD98D3A00FC9DC4 /* AFURLResponseSerialization.m in Sources */,
				412AAEA51AD98D5100FC9DC4 /* AFNetworkActivityIndicatorManager.m in Sources */,
			);
			runOnlyForDeploymentPostprocessing = 0;
		};
		41AA46901ACE5EF20095349A /* Sources */ = {
			isa = PBXSourcesBuildPhase;
			buildActionMask = 2147483647;
			files = (
				41AA469B1ACE5EF20095349A /* momnt_v2Tests.m in Sources */,
			);
			runOnlyForDeploymentPostprocessing = 0;
		};
/* End PBXSourcesBuildPhase section */

/* Begin PBXTargetDependency section */
		41AA46961ACE5EF20095349A /* PBXTargetDependency */ = {
			isa = PBXTargetDependency;
			target = 41AA46771ACE5EF10095349A /* momnt_v2 */;
			targetProxy = 41AA46951ACE5EF20095349A /* PBXContainerItemProxy */;
		};
/* End PBXTargetDependency section */

/* Begin PBXVariantGroup section */
		412AAEB41AD9FDD100FC9DC4 /* Main.storyboard */ = {
			isa = PBXVariantGroup;
			children = (
				412AAEB51AD9FDD100FC9DC4 /* Base */,
			);
			name = Main.storyboard;
			sourceTree = "<group>";
		};
		41AA468D1ACE5EF20095349A /* LaunchScreen.xib */ = {
			isa = PBXVariantGroup;
			children = (
				41AA468E1ACE5EF20095349A /* Base */,
			);
			name = LaunchScreen.xib;
			sourceTree = "<group>";
		};
/* End PBXVariantGroup section */

/* Begin XCBuildConfiguration section */
		41AA469C1ACE5EF30095349A /* Debug */ = {
			isa = XCBuildConfiguration;
			buildSettings = {
				ALWAYS_SEARCH_USER_PATHS = NO;
				CLANG_CXX_LANGUAGE_STANDARD = "gnu++0x";
				CLANG_CXX_LIBRARY = "libc++";
				CLANG_ENABLE_MODULES = YES;
				CLANG_ENABLE_OBJC_ARC = YES;
				CLANG_WARN_BOOL_CONVERSION = YES;
				CLANG_WARN_CONSTANT_CONVERSION = YES;
				CLANG_WARN_DIRECT_OBJC_ISA_USAGE = YES_ERROR;
				CLANG_WARN_EMPTY_BODY = YES;
				CLANG_WARN_ENUM_CONVERSION = YES;
				CLANG_WARN_INT_CONVERSION = YES;
				CLANG_WARN_OBJC_ROOT_CLASS = YES_ERROR;
				CLANG_WARN_UNREACHABLE_CODE = YES;
				CLANG_WARN__DUPLICATE_METHOD_MATCH = YES;
				"CODE_SIGN_IDENTITY[sdk=iphoneos*]" = "iPhone Developer";
				COPY_PHASE_STRIP = NO;
				ENABLE_STRICT_OBJC_MSGSEND = YES;
				GCC_C_LANGUAGE_STANDARD = gnu99;
				GCC_DYNAMIC_NO_PIC = NO;
				GCC_OPTIMIZATION_LEVEL = 0;
				GCC_PREPROCESSOR_DEFINITIONS = (
					"DEBUG=1",
					"$(inherited)",
				);
				GCC_SYMBOLS_PRIVATE_EXTERN = NO;
				GCC_WARN_64_TO_32_BIT_CONVERSION = YES;
				GCC_WARN_ABOUT_RETURN_TYPE = YES_ERROR;
				GCC_WARN_UNDECLARED_SELECTOR = YES;
				GCC_WARN_UNINITIALIZED_AUTOS = YES_AGGRESSIVE;
				GCC_WARN_UNUSED_FUNCTION = YES;
				GCC_WARN_UNUSED_VARIABLE = YES;
				IPHONEOS_DEPLOYMENT_TARGET = 8.2;
				MTL_ENABLE_DEBUG_INFO = YES;
				ONLY_ACTIVE_ARCH = YES;
				SDKROOT = iphoneos;
				TARGETED_DEVICE_FAMILY = "1,2";
			};
			name = Debug;
		};
		41AA469D1ACE5EF30095349A /* Release */ = {
			isa = XCBuildConfiguration;
			buildSettings = {
				ALWAYS_SEARCH_USER_PATHS = NO;
				CLANG_CXX_LANGUAGE_STANDARD = "gnu++0x";
				CLANG_CXX_LIBRARY = "libc++";
				CLANG_ENABLE_MODULES = YES;
				CLANG_ENABLE_OBJC_ARC = YES;
				CLANG_WARN_BOOL_CONVERSION = YES;
				CLANG_WARN_CONSTANT_CONVERSION = YES;
				CLANG_WARN_DIRECT_OBJC_ISA_USAGE = YES_ERROR;
				CLANG_WARN_EMPTY_BODY = YES;
				CLANG_WARN_ENUM_CONVERSION = YES;
				CLANG_WARN_INT_CONVERSION = YES;
				CLANG_WARN_OBJC_ROOT_CLASS = YES_ERROR;
				CLANG_WARN_UNREACHABLE_CODE = YES;
				CLANG_WARN__DUPLICATE_METHOD_MATCH = YES;
				"CODE_SIGN_IDENTITY[sdk=iphoneos*]" = "iPhone Developer";
				COPY_PHASE_STRIP = NO;
				ENABLE_NS_ASSERTIONS = NO;
				ENABLE_STRICT_OBJC_MSGSEND = YES;
				GCC_C_LANGUAGE_STANDARD = gnu99;
				GCC_WARN_64_TO_32_BIT_CONVERSION = YES;
				GCC_WARN_ABOUT_RETURN_TYPE = YES_ERROR;
				GCC_WARN_UNDECLARED_SELECTOR = YES;
				GCC_WARN_UNINITIALIZED_AUTOS = YES_AGGRESSIVE;
				GCC_WARN_UNUSED_FUNCTION = YES;
				GCC_WARN_UNUSED_VARIABLE = YES;
				IPHONEOS_DEPLOYMENT_TARGET = 8.2;
				MTL_ENABLE_DEBUG_INFO = NO;
				SDKROOT = iphoneos;
				TARGETED_DEVICE_FAMILY = "1,2";
				VALIDATE_PRODUCT = YES;
			};
			name = Release;
		};
		41AA469F1ACE5EF30095349A /* Debug */ = {
			isa = XCBuildConfiguration;
			buildSettings = {
				ASSETCATALOG_COMPILER_APPICON_NAME = AppIcon;
				GCC_PREFIX_HEADER = momnt_v2/PrefixHeader.pch;
				INFOPLIST_FILE = momnt_v2/Info.plist;
				IPHONEOS_DEPLOYMENT_TARGET = 8.2;
				LD_RUNPATH_SEARCH_PATHS = "$(inherited) @executable_path/Frameworks";
				LIBRARY_SEARCH_PATHS = (
					"$(inherited)",
					"$(PROJECT_DIR)",
				);
				"OTHER_LDFLAGS[arch=*]" = "";
				PRODUCT_NAME = "$(TARGET_NAME)";
				SDKROOT = iphoneos8.2;
			};
			name = Debug;
		};
		41AA46A01ACE5EF30095349A /* Release */ = {
			isa = XCBuildConfiguration;
			buildSettings = {
				ASSETCATALOG_COMPILER_APPICON_NAME = AppIcon;
				GCC_PREFIX_HEADER = momnt_v2/PrefixHeader.pch;
				INFOPLIST_FILE = momnt_v2/Info.plist;
				IPHONEOS_DEPLOYMENT_TARGET = 8.2;
				LD_RUNPATH_SEARCH_PATHS = "$(inherited) @executable_path/Frameworks";
				LIBRARY_SEARCH_PATHS = (
					"$(inherited)",
					"$(PROJECT_DIR)",
				);
				PRODUCT_NAME = "$(TARGET_NAME)";
				SDKROOT = iphoneos8.2;
			};
			name = Release;
		};
		41AA46A21ACE5EF30095349A /* Debug */ = {
			isa = XCBuildConfiguration;
			buildSettings = {
				BUNDLE_LOADER = "$(TEST_HOST)";
				FRAMEWORK_SEARCH_PATHS = (
					"$(SDKROOT)/Developer/Library/Frameworks",
					"$(inherited)",
				);
				GCC_PREPROCESSOR_DEFINITIONS = (
					"DEBUG=1",
					"$(inherited)",
				);
				INFOPLIST_FILE = momnt_v2Tests/Info.plist;
				LD_RUNPATH_SEARCH_PATHS = "$(inherited) @executable_path/Frameworks @loader_path/Frameworks";
				PRODUCT_NAME = "$(TARGET_NAME)";
				TEST_HOST = "$(BUILT_PRODUCTS_DIR)/momnt_v2.app/momnt_v2";
			};
			name = Debug;
		};
		41AA46A31ACE5EF30095349A /* Release */ = {
			isa = XCBuildConfiguration;
			buildSettings = {
				BUNDLE_LOADER = "$(TEST_HOST)";
				FRAMEWORK_SEARCH_PATHS = (
					"$(SDKROOT)/Developer/Library/Frameworks",
					"$(inherited)",
				);
				INFOPLIST_FILE = momnt_v2Tests/Info.plist;
				LD_RUNPATH_SEARCH_PATHS = "$(inherited) @executable_path/Frameworks @loader_path/Frameworks";
				PRODUCT_NAME = "$(TARGET_NAME)";
				TEST_HOST = "$(BUILT_PRODUCTS_DIR)/momnt_v2.app/momnt_v2";
			};
			name = Release;
		};
/* End XCBuildConfiguration section */

/* Begin XCConfigurationList section */
		41AA46731ACE5EF10095349A /* Build configuration list for PBXProject "momnt_v2" */ = {
			isa = XCConfigurationList;
			buildConfigurations = (
				41AA469C1ACE5EF30095349A /* Debug */,
				41AA469D1ACE5EF30095349A /* Release */,
			);
			defaultConfigurationIsVisible = 0;
			defaultConfigurationName = Release;
		};
		41AA469E1ACE5EF30095349A /* Build configuration list for PBXNativeTarget "momnt_v2" */ = {
			isa = XCConfigurationList;
			buildConfigurations = (
				41AA469F1ACE5EF30095349A /* Debug */,
				41AA46A01ACE5EF30095349A /* Release */,
			);
			defaultConfigurationIsVisible = 0;
			defaultConfigurationName = Release;
		};
		41AA46A11ACE5EF30095349A /* Build configuration list for PBXNativeTarget "momnt_v2Tests" */ = {
			isa = XCConfigurationList;
			buildConfigurations = (
				41AA46A21ACE5EF30095349A /* Debug */,
				41AA46A31ACE5EF30095349A /* Release */,
			);
			defaultConfigurationIsVisible = 0;
			defaultConfigurationName = Release;
		};
/* End XCConfigurationList section */

/* Begin XCVersionGroup section */
		41AA46821ACE5EF20095349A /* momnt_v2.xcdatamodeld */ = {
			isa = XCVersionGroup;
			children = (
				41AA46831ACE5EF20095349A /* momnt_v2.xcdatamodel */,
			);
			currentVersion = 41AA46831ACE5EF20095349A /* momnt_v2.xcdatamodel */;
			path = momnt_v2.xcdatamodeld;
			sourceTree = "<group>";
			versionGroupType = wrapper.xcdatamodel;
		};
/* End XCVersionGroup section */
	};
	rootObject = 41AA46701ACE5EF10095349A /* Project object */;
}
